{
  "object": {
    "pins": [
      {
        "package": "Bits",
        "repositoryURL": "https://github.com/vapor/bits.git",
        "state": {
          "branch": null,
          "revision": "03079476b04139a8b744ad96f975176df5ae12bc",
          "version": "1.1.1"
        }
      },
      {
        "package": "COpenSSL",
        "repositoryURL": "https://github.com/vapor-community/copenssl.git",
        "state": {
          "branch": null,
          "revision": "a347e9ec038b134aecf42e0c21f2deb9035adf3f",
          "version": "1.0.0-rc.1"
        }
      },
      {
        "package": "Core",
        "repositoryURL": "https://github.com/vapor/core.git",
        "state": {
          "branch": null,
          "revision": "aa15871311b497a24a7f0e96b1ae6865dd600818",
          "version": "2.2.1"
        }
      },
      {
        "package": "Debugging",
        "repositoryURL": "https://github.com/vapor/debugging.git",
        "state": {
          "branch": null,
          "revision": "fc5a27d6eb236141dc24e5f14eedaa2e035ae7b3",
          "version": "1.1.1"
        }
      },
      {
        "package": "Random",
        "repositoryURL": "https://github.com/vapor-community/random.git",
        "state": {
          "branch": null,
          "revision": "d7c4397d125caba795d14d956efacfe2a27a63d0",
          "version": "1.2.0"
        }
      },
      {
        "package": "secp256k1",
        "repositoryURL": "https://github.com/Boilertalk/secp256k1.swift",
        "state": {
          "branch": null,
          "revision": "823281fe9def21b384099b72a9a53ca988317b20",
          "version": "0.1.4"
        }
      }
    ]
  },
  "version": 1
}
