// !$*UTF8*$!
{
	archiveVersion = 1;
	classes = {
	};
	objectVersion = 50;
	objects = {

/* Begin PBXBuildFile section */
		298E17DF2150C55C00FF6C77 /* AppDelegate.swift in Sources */ = {isa = PBXBuildFile; fileRef = 298E17DE2150C55C00FF6C77 /* AppDelegate.swift */; };
		298E17E12150C55C00FF6C77 /* ViewController.swift in Sources */ = {isa = PBXBuildFile; fileRef = 298E17E02150C55C00FF6C77 /* ViewController.swift */; };
		298E17E42150C55C00FF6C77 /* Main.storyboard in Resources */ = {isa = PBXBuildFile; fileRef = 298E17E22150C55C00FF6C77 /* Main.storyboard */; };
		298E17E62150C55E00FF6C77 /* Assets.xcassets in Resources */ = {isa = PBXBuildFile; fileRef = 298E17E52150C55E00FF6C77 /* Assets.xcassets */; };
		298E17E92150C55E00FF6C77 /* LaunchScreen.storyboard in Resources */ = {isa = PBXBuildFile; fileRef = 298E17E72150C55E00FF6C77 /* LaunchScreen.storyboard */; };
		29EA70342150C885009B6485 /* BitcoinKit.framework in Frameworks */ = {isa = PBXBuildFile; fileRef = 29EA70332150C885009B6485 /* BitcoinKit.framework */; };
/* End PBXBuildFile section */

/* Begin PBXFileReference section */
		298E17DB2150C55C00FF6C77 /* WalletExample.app */ = {isa = PBXFileReference; explicitFileType = wrapper.application; includeInIndex = 0; path = WalletExample.app; sourceTree = BUILT_PRODUCTS_DIR; };
		298E17DE2150C55C00FF6C77 /* AppDelegate.swift */ = {isa = PBXFileReference; lastKnownFileType = sourcecode.swift; path = AppDelegate.swift; sourceTree = "<group>"; };
		298E17E02150C55C00FF6C77 /* ViewController.swift */ = {isa = PBXFileReference; lastKnownFileType = sourcecode.swift; path = ViewController.swift; sourceTree = "<group>"; };
		298E17E32150C55C00FF6C77 /* Base */ = {isa = PBXFileReference; lastKnownFileType = file.storyboard; name = Base; path = Base.lproj/Main.storyboard; sourceTree = "<group>"; };
		298E17E52150C55E00FF6C77 /* Assets.xcassets */ = {isa = PBXFileReference; lastKnownFileType = folder.assetcatalog; path = Assets.xcassets; sourceTree = "<group>"; };
		298E17E82150C55E00FF6C77 /* Base */ = {isa = PBXFileReference; lastKnownFileType = file.storyboard; name = Base; path = Base.lproj/LaunchScreen.storyboard; sourceTree = "<group>"; };
		298E17EA2150C55E00FF6C77 /* Info.plist */ = {isa = PBXFileReference; lastKnownFileType = text.plist.xml; path = Info.plist; sourceTree = "<group>"; };
		29EA70332150C885009B6485 /* BitcoinKit.framework */ = {isa = PBXFileReference; explicitFileType = wrapper.framework; path = BitcoinKit.framework; sourceTree = BUILT_PRODUCTS_DIR; };
/* End PBXFileReference section */

/* Begin PBXFrameworksBuildPhase section */
		298E17D82150C55C00FF6C77 /* Frameworks */ = {
			isa = PBXFrameworksBuildPhase;
			buildActionMask = 2147483647;
			files = (
				29EA70342150C885009B6485 /* BitcoinKit.framework in Frameworks */,
			);
			runOnlyForDeploymentPostprocessing = 0;
		};
/* End PBXFrameworksBuildPhase section */

/* Begin PBXGroup section */
		298E17D22150C55C00FF6C77 = {
			isa = PBXGroup;
			children = (
				298E17DD2150C55C00FF6C77 /* WalletExample */,
				298E17DC2150C55C00FF6C77 /* Products */,
				29EA70322150C885009B6485 /* Frameworks */,
			);
			sourceTree = "<group>";
		};
		298E17DC2150C55C00FF6C77 /* Products */ = {
			isa = PBXGroup;
			children = (
				298E17DB2150C55C00FF6C77 /* WalletExample.app */,
			);
			name = Products;
			sourceTree = "<group>";
		};
		298E17DD2150C55C00FF6C77 /* WalletExample */ = {
			isa = PBXGroup;
			children = (
				298E17DE2150C55C00FF6C77 /* AppDelegate.swift */,
				298E17E02150C55C00FF6C77 /* ViewController.swift */,
				298E17E22150C55C00FF6C77 /* Main.storyboard */,
				298E17E52150C55E00FF6C77 /* Assets.xcassets */,
				298E17E72150C55E00FF6C77 /* LaunchScreen.storyboard */,
				298E17EA2150C55E00FF6C77 /* Info.plist */,
			);
			path = WalletExample;
			sourceTree = "<group>";
		};
		29EA70322150C885009B6485 /* Frameworks */ = {
			isa = PBXGroup;
			children = (
				29EA70332150C885009B6485 /* BitcoinKit.framework */,
			);
			name = Frameworks;
			sourceTree = "<group>";
		};
/* End PBXGroup section */

/* Begin PBXNativeTarget section */
		298E17DA2150C55C00FF6C77 /* WalletExample */ = {
			isa = PBXNativeTarget;
			buildConfigurationList = 298E17ED2150C55E00FF6C77 /* Build configuration list for PBXNativeTarget "WalletExample" */;
			buildPhases = (
				298E17D72150C55C00FF6C77 /* Sources */,
				298E17D82150C55C00FF6C77 /* Frameworks */,
				298E17D92150C55C00FF6C77 /* Resources */,
			);
			buildRules = (
			);
			dependencies = (
			);
			name = WalletExample;
			productName = WalletExample;
			productReference = 298E17DB2150C55C00FF6C77 /* WalletExample.app */;
			productType = "com.apple.product-type.application";
		};
/* End PBXNativeTarget section */

/* Begin PBXProject section */
		298E17D32150C55C00FF6C77 /* Project object */ = {
			isa = PBXProject;
			attributes = {
				LastSwiftUpdateCheck = 0940;
				LastUpgradeCheck = 0940;
				ORGANIZATIONNAME = "Yenom Inc.";
				TargetAttributes = {
					298E17DA2150C55C00FF6C77 = {
						CreatedOnToolsVersion = 9.4.1;
					};
				};
			};
			buildConfigurationList = 298E17D62150C55C00FF6C77 /* Build configuration list for PBXProject "WalletExample" */;
			compatibilityVersion = "Xcode 9.3";
			developmentRegion = en;
			hasScannedForEncodings = 0;
			knownRegions = (
				en,
				Base,
			);
			mainGroup = 298E17D22150C55C00FF6C77;
			productRefGroup = 298E17DC2150C55C00FF6C77 /* Products */;
			projectDirPath = "";
			projectRoot = "";
			targets = (
				298E17DA2150C55C00FF6C77 /* WalletExample */,
			);
		};
/* End PBXProject section */

/* Begin PBXResourcesBuildPhase section */
		298E17D92150C55C00FF6C77 /* Resources */ = {
			isa = PBXResourcesBuildPhase;
			buildActionMask = 2147483647;
			files = (
				298E17E92150C55E00FF6C77 /* LaunchScreen.storyboard in Resources */,
				298E17E62150C55E00FF6C77 /* Assets.xcassets in Resources */,
				298E17E42150C55C00FF6C77 /* Main.storyboard in Resources */,
			);
			runOnlyForDeploymentPostprocessing = 0;
		};
/* End PBXResourcesBuildPhase section */

/* Begin PBXSourcesBuildPhase section */
		298E17D72150C55C00FF6C77 /* Sources */ = {
			isa = PBXSourcesBuildPhase;
			buildActionMask = 2147483647;
			files = (
				298E17E12150C55C00FF6C77 /* ViewController.swift in Sources */,
				298E17DF2150C55C00FF6C77 /* AppDelegate.swift in Sources */,
			);
			runOnlyForDeploymentPostprocessing = 0;
		};
/* End PBXSourcesBuildPhase section */

/* Begin PBXVariantGroup section */
		298E17E22150C55C00FF6C77 /* Main.storyboard */ = {
			isa = PBXVariantGroup;
			children = (
				298E17E32150C55C00FF6C77 /* Base */,
			);
			name = Main.storyboard;
			sourceTree = "<group>";
		};
		298E17E72150C55E00FF6C77 /* LaunchScreen.storyboard */ = {
			isa = PBXVariantGroup;
			children = (
				298E17E82150C55E00FF6C77 /* Base */,
			);
			name = LaunchScreen.storyboard;
			sourceTree = "<group>";
		};
/* End PBXVariantGroup section */

/* Begin XCBuildConfiguration section */
		298E17EB2150C55E00FF6C77 /* Debug */ = {
			isa = XCBuildConfiguration;
			buildSettings = {
				ALWAYS_SEARCH_USER_PATHS = NO;
				CLANG_ANALYZER_NONNULL = YES;
				CLANG_ANALYZER_NUMBER_OBJECT_CONVERSION = YES_AGGRESSIVE;
				CLANG_CXX_LANGUAGE_STANDARD = "gnu++14";
				CLANG_CXX_LIBRARY = "libc++";
				CLANG_ENABLE_MODULES = YES;
				CLANG_ENABLE_OBJC_ARC = YES;
				CLANG_ENABLE_OBJC_WEAK = YES;
				CLANG_WARN_BLOCK_CAPTURE_AUTORELEASING = YES;
				CLANG_WARN_BOOL_CONVERSION = YES;
				CLANG_WARN_COMMA = YES;
				CLANG_WARN_CONSTANT_CONVERSION = YES;
				CLANG_WARN_DEPRECATED_OBJC_IMPLEMENTATIONS = YES;
				CLANG_WARN_DIRECT_OBJC_ISA_USAGE = YES_ERROR;
				CLANG_WARN_DOCUMENTATION_COMMENTS = YES;
				CLANG_WARN_EMPTY_BODY = YES;
				CLANG_WARN_ENUM_CONVERSION = YES;
				CLANG_WARN_INFINITE_RECURSION = YES;
				CLANG_WARN_INT_CONVERSION = YES;
				CLANG_WARN_NON_LITERAL_NULL_CONVERSION = YES;
				CLANG_WARN_OBJC_IMPLICIT_RETAIN_SELF = YES;
				CLANG_WARN_OBJC_LITERAL_CONVERSION = YES;
				CLANG_WARN_OBJC_ROOT_CLASS = YES_ERROR;
				CLANG_WARN_RANGE_LOOP_ANALYSIS = YES;
				CLANG_WARN_STRICT_PROTOTYPES = YES;
				CLANG_WARN_SUSPICIOUS_MOVE = YES;
				CLANG_WARN_UNGUARDED_AVAILABILITY = YES_AGGRESSIVE;
				CLANG_WARN_UNREACHABLE_CODE = YES;
				CLANG_WARN__DUPLICATE_METHOD_MATCH = YES;
				CODE_SIGN_IDENTITY = "iPhone Developer";
				COPY_PHASE_STRIP = NO;
				DEBUG_INFORMATION_FORMAT = dwarf;
				ENABLE_STRICT_OBJC_MSGSEND = YES;
				ENABLE_TESTABILITY = YES;
				GCC_C_LANGUAGE_STANDARD = gnu11;
				GCC_DYNAMIC_NO_PIC = NO;
				GCC_NO_COMMON_BLOCKS = YES;
				GCC_OPTIMIZATION_LEVEL = 0;
				GCC_PREPROCESSOR_DEFINITIONS = (
					"DEBUG=1",
					"$(inherited)",
				);
				GCC_WARN_64_TO_32_BIT_CONVERSION = YES;
				GCC_WARN_ABOUT_RETURN_TYPE = YES_ERROR;
				GCC_WARN_UNDECLARED_SELECTOR = YES;
				GCC_WARN_UNINITIALIZED_AUTOS = YES_AGGRESSIVE;
				GCC_WARN_UNUSED_FUNCTION = YES;
				GCC_WARN_UNUSED_VARIABLE = YES;
				IPHONEOS_DEPLOYMENT_TARGET = 11.4;
				MTL_ENABLE_DEBUG_INFO = YES;
				ONLY_ACTIVE_ARCH = YES;
				SDKROOT = iphoneos;
				SWIFT_ACTIVE_COMPILATION_CONDITIONS = DEBUG;
				SWIFT_OPTIMIZATION_LEVEL = "-Onone";
			};
			name = Debug;
		};
		298E17EC2150C55E00FF6C77 /* Release */ = {
			isa = XCBuildConfiguration;
			buildSettings = {
				ALWAYS_SEARCH_USER_PATHS = NO;
				CLANG_ANALYZER_NONNULL = YES;
				CLANG_ANALYZER_NUMBER_OBJECT_CONVERSION = YES_AGGRESSIVE;
				CLANG_CXX_LANGUAGE_STANDARD = "gnu++14";
				CLANG_CXX_LIBRARY = "libc++";
				CLANG_ENABLE_MODULES = YES;
				CLANG_ENABLE_OBJC_ARC = YES;
				CLANG_ENABLE_OBJC_WEAK = YES;
				CLANG_WARN_BLOCK_CAPTURE_AUTORELEASING = YES;
				CLANG_WARN_BOOL_CONVERSION = YES;
				CLANG_WARN_COMMA = YES;
				CLANG_WARN_CONSTANT_CONVERSION = YES;
				CLANG_WARN_DEPRECATED_OBJC_IMPLEMENTATIONS = YES;
				CLANG_WARN_DIRECT_OBJC_ISA_USAGE = YES_ERROR;
				CLANG_WARN_DOCUMENTATION_COMMENTS = YES;
				CLANG_WARN_EMPTY_BODY = YES;
				CLANG_WARN_ENUM_CONVERSION = YES;
				CLANG_WARN_INFINITE_RECURSION = YES;
				CLANG_WARN_INT_CONVERSION = YES;
				CLANG_WARN_NON_LITERAL_NULL_CONVERSION = YES;
				CLANG_WARN_OBJC_IMPLICIT_RETAIN_SELF = YES;
				CLANG_WARN_OBJC_LITERAL_CONVERSION = YES;
				CLANG_WARN_OBJC_ROOT_CLASS = YES_ERROR;
				CLANG_WARN_RANGE_LOOP_ANALYSIS = YES;
				CLANG_WARN_STRICT_PROTOTYPES = YES;
				CLANG_WARN_SUSPICIOUS_MOVE = YES;
				CLANG_WARN_UNGUARDED_AVAILABILITY = YES_AGGRESSIVE;
				CLANG_WARN_UNREACHABLE_CODE = YES;
				CLANG_WARN__DUPLICATE_METHOD_MATCH = YES;
				CODE_SIGN_IDENTITY = "iPhone Developer";
				COPY_PHASE_STRIP = NO;
				DEBUG_INFORMATION_FORMAT = "dwarf-with-dsym";
				ENABLE_NS_ASSERTIONS = NO;
				ENABLE_STRICT_OBJC_MSGSEND = YES;
				GCC_C_LANGUAGE_STANDARD = gnu11;
				GCC_NO_COMMON_BLOCKS = YES;
				GCC_WARN_64_TO_32_BIT_CONVERSION = YES;
				GCC_WARN_ABOUT_RETURN_TYPE = YES_ERROR;
				GCC_WARN_UNDECLARED_SELECTOR = YES;
				GCC_WARN_UNINITIALIZED_AUTOS = YES_AGGRESSIVE;
				GCC_WARN_UNUSED_FUNCTION = YES;
				GCC_WARN_UNUSED_VARIABLE = YES;
				IPHONEOS_DEPLOYMENT_TARGET = 11.4;
				MTL_ENABLE_DEBUG_INFO = NO;
				SDKROOT = iphoneos;
				SWIFT_COMPILATION_MODE = wholemodule;
				SWIFT_OPTIMIZATION_LEVEL = "-O";
				VALIDATE_PRODUCT = YES;
			};
			name = Release;
		};
		298E17EE2150C55E00FF6C77 /* Debug */ = {
			isa = XCBuildConfiguration;
			buildSettings = {
				ASSETCATALOG_COMPILER_APPICON_NAME = AppIcon;
				CODE_SIGN_STYLE = Automatic;
				INFOPLIST_FILE = WalletExample/Info.plist;
				LD_RUNPATH_SEARCH_PATHS = (
					"$(inherited)",
					"@executable_path/Frameworks",
				);
				PRODUCT_BUNDLE_IDENTIFIER = tech.yenom.WalletExample;
				PRODUCT_NAME = "$(TARGET_NAME)";
				SWIFT_VERSION = 4.0;
				TARGETED_DEVICE_FAMILY = "1,2";
			};
			name = Debug;
		};
		298E17EF2150C55E00FF6C77 /* Release */ = {
			isa = XCBuildConfiguration;
			buildSettings = {
				ASSETCATALOG_COMPILER_APPICON_NAME = AppIcon;
				CODE_SIGN_STYLE = Automatic;
				INFOPLIST_FILE = WalletExample/Info.plist;
				LD_RUNPATH_SEARCH_PATHS = (
					"$(inherited)",
					"@executable_path/Frameworks",
				);
				PRODUCT_BUNDLE_IDENTIFIER = tech.yenom.WalletExample;
				PRODUCT_NAME = "$(TARGET_NAME)";
				SWIFT_VERSION = 4.0;
				TARGETED_DEVICE_FAMILY = "1,2";
			};
			name = Release;
		};
/* End XCBuildConfiguration section */

/* Begin XCConfigurationList section */
		298E17D62150C55C00FF6C77 /* Build configuration list for PBXProject "WalletExample" */ = {
			isa = XCConfigurationList;
			buildConfigurations = (
				298E17EB2150C55E00FF6C77 /* Debug */,
				298E17EC2150C55E00FF6C77 /* Release */,
			);
			defaultConfigurationIsVisible = 0;
			defaultConfigurationName = Release;
		};
		298E17ED2150C55E00FF6C77 /* Build configuration list for PBXNativeTarget "WalletExample" */ = {
			isa = XCConfigurationList;
			buildConfigurations = (
				298E17EE2150C55E00FF6C77 /* Debug */,
				298E17EF2150C55E00FF6C77 /* Release */,
			);
			defaultConfigurationIsVisible = 0;
			defaultConfigurationName = Release;
		};
/* End XCConfigurationList section */
	};
	rootObject = 298E17D32150C55C00FF6C77 /* Project object */;
}
